<?xml version="1.0" encoding="utf-8"?>
<Project ToolsVersion="4.0" xmlns="http://schemas.microsoft.com/developer/msbuild/2003">
  <ItemGroup>
    <ClCompile Include="src\cpu\cpu.c" />
    <ClCompile Include="src\main.c" />
    <ClCompile Include="src\bus.c" />
    <ClCompile Include="src\cpu\instructions\8_bit_load_instructions.c" />
    <ClCompile Include="src\cpu\instructions\16_bit_load_instructions.c" />
    <ClCompile Include="src\cpu\instructions\8_bit_arithmetic_logic_instructions.c" />
    <ClCompile Include="src\cpu\instructions\16_bit_arithmetic_logic_instructions.c" />
    <ClCompile Include="src\cpu\instructions\rotate_shift_instructions.c" />
    <ClCompile Include="src\cpu\instructions\bit_instructions.c" />
    <ClCompile Include="src\cpu\instructions\jump_instructions.c" />
    <ClCompile Include="src\cpu\instructions\call_return_instructions.c" />
    <ClCompile Include="src\cpu\instructions\general_purpose_instructions.c" />
    <ClCompile Include="src\cpu\decoder.c" />
    <ClCompile Include="src\debug\logger.c" />
  </ItemGroup>
  <ItemGroup>
    <ClInclude Include="src\cpu\cpu.h" />
    <ClInclude Include="src\bus.h" />
    <ClInclude Include="src\cpu\instructions\8_bit_load_instructions.h" />
    <ClInclude Include="src\cpu\instructions\16_bit_load_instructions.h" />
    <ClInclude Include="src\cpu\instructions\8_bit_arithmetic_logic_instructions.h" />
    <ClInclude Include="src\cpu\instructions\16_bit_arithmetic_logic_instructions.h" />
    <ClInclude Include="src\cpu\instructions\rotate_shift_instructions.h" />
    <ClInclude Include="src\cpu\instructions\bit_instructions.h" />
    <ClInclude Include="src\cpu\instructions\jump_instructions.h" />
    <ClInclude Include="src\cpu\instructions\call_return_instructions.h" />
    <ClInclude Include="src\cpu\instructions\general_purpose_instructions.h" />
    <ClInclude Include="src\cpu\decoder.h" />
    <ClInclude Include="src\debug\logger.c.h" />
    <ClInclude Include="src\debug\logger.h" />
  </ItemGroup>
  <ItemGroup>
    <None Include="src\test\roms\blargg_cpu_instructions\06-ld-r-r.gb" />
  </ItemGroup>
</Project>